
Microsoft Visual Studio Solution File, Format Version 12.00
# Visual Studio Version 16
VisualStudioVersion = 16.0.30717.126
MinimumVisualStudioVersion = 10.0.40219.1
Project("{FAE04EC0-301F-11D3-BF4B-00C04F79EFBC}") = "BlueTimer", "BlueTimer.csproj", "{E122C741-BAC1-4774-9361-A8BA34F09589}"
EndProject
Global
	GlobalSection(SolutionConfigurationPlatforms) = preSolution
		Debug|Any CPU = Debug|Any CPU
		Release|Any CPU = Release|Any CPU
	EndGlobalSection
	GlobalSection(ProjectConfigurationPlatforms) = postSolution
		{E122C741-BAC1-4774-9361-A8BA34F09589}.Debug|Any CPU.ActiveCfg = Debug|Any CPU
		{E122C741-BAC1-4774-9361-A8BA34F09589}.Debug|Any CPU.Build.0 = Debug|Any CPU
		{E122C741-BAC1-4774-9361-A8BA34F09589}.Release|Any CPU.ActiveCfg = Release|Any CPU
		{E122C741-BAC1-4774-9361-A8BA34F09589}.Release|Any CPU.Build.0 = Release|Any CPU
	EndGlobalSection
	GlobalSection(SolutionProperties) = preSolution
		HideSolutionNode = FALSE
	EndGlobalSection
	GlobalSection(ExtensibilityGlobals) = postSolution
		SolutionGuid = {23AB36CF-AFF1-4CFF-97EB-BAB00BD14F2E}
	EndGlobalSection
EndGlobal
